
Microsoft Visual Studio Solution File, Format Version 12.00
# Visual Studio Version 17
VisualStudioVersion = 17.4.33213.308
MinimumVisualStudioVersion = 10.0.40219.1
Project("{FAE04EC0-301F-11D3-BF4B-00C04F79EFBC}") = "MvcSeguridadPersonalizada", "MvcSeguridadPersonalizada\MvcSeguridadPersonalizada.csproj", "{5D3D9954-9C6E-44DA-B62E-A26386D5B6F8}"
EndProject
Global
	GlobalSection(SolutionConfigurationPlatforms) = preSolution
		Debug|Any CPU = Debug|Any CPU
		Release|Any CPU = Release|Any CPU
	EndGlobalSection
	GlobalSection(ProjectConfigurationPlatforms) = postSolution
		{5D3D9954-9C6E-44DA-B62E-A26386D5B6F8}.Debug|Any CPU.ActiveCfg = Debug|Any CPU
		{5D3D9954-9C6E-44DA-B62E-A26386D5B6F8}.Debug|Any CPU.Build.0 = Debug|Any CPU
		{5D3D9954-9C6E-44DA-B62E-A26386D5B6F8}.Release|Any CPU.ActiveCfg = Release|Any CPU
		{5D3D9954-9C6E-44DA-B62E-A26386D5B6F8}.Release|Any CPU.Build.0 = Release|Any CPU
	EndGlobalSection
	GlobalSection(SolutionProperties) = preSolution
		HideSolutionNode = FALSE
	EndGlobalSection
	GlobalSection(ExtensibilityGlobals) = postSolution
		SolutionGuid = {F3C2FC8B-D6A1-4146-BF0B-20A7E6DE03BF}
	EndGlobalSection
EndGlobal
